
Microsoft Visual Studio Solution File, Format Version 12.00
# Visual Studio 15
VisualStudioVersion = 15.0.26228.9
MinimumVisualStudioVersion = 10.0.40219.1
Project("{9092AA53-FB77-4645-B42D-1CCCA6BD08BD}") = "LOMS-Server", "LOMS-Server\LOMS-Server.njsproj", "{B6D1318B-60C7-4AC6-AA34-6B324BEC3D67}"
EndProject
Global
	GlobalSection(SolutionConfigurationPlatforms) = preSolution
		Debug|Any CPU = Debug|Any CPU
		Release|Any CPU = Release|Any CPU
	EndGlobalSection
	GlobalSection(ProjectConfigurationPlatforms) = postSolution
		{B6D1318B-60C7-4AC6-AA34-6B324BEC3D67}.Debug|Any CPU.ActiveCfg = Debug|Any CPU
		{B6D1318B-60C7-4AC6-AA34-6B324BEC3D67}.Debug|Any CPU.Build.0 = Debug|Any CPU
		{B6D1318B-60C7-4AC6-AA34-6B324BEC3D67}.Release|Any CPU.ActiveCfg = Release|Any CPU
		{B6D1318B-60C7-4AC6-AA34-6B324BEC3D67}.Release|Any CPU.Build.0 = Release|Any CPU
	EndGlobalSection
	GlobalSection(SolutionProperties) = preSolution
		HideSolutionNode = FALSE
	EndGlobalSection
EndGlobal
